
Microsoft Visual Studio Solution File, Format Version 12.00
Project("{FAE04EC0-301F-11D3-BF4B-00C04F79EFBC}") = "LandfallPlzFixClient", "LandfallPlzFixClient\LandfallPlzFixClient.csproj", "{BBEF3875-A652-42AF-81E7-556BD7111F02}"
EndProject
Project("{FAE04EC0-301F-11D3-BF4B-00C04F79EFBC}") = "LandfallPlzFixServer", "LandfallPlzFixServer\LandfallPlzFixServer.csproj", "{F012ACE9-8CBC-49EC-ADFF-FEC1A351E7DA}"
EndProject
Project("{FAE04EC0-301F-11D3-BF4B-00C04F79EFBC}") = "TokenAuthFixer", "TokenAuthFixer\TokenAuthFixer.csproj", "{3BEBFE2C-E570-47CE-BC42-86EDD3AF40FA}"
EndProject
Project("{FAE04EC0-301F-11D3-BF4B-00C04F79EFBC}") = "ComputeryLib", "ComputeryLib\ComputeryLib.csproj", "{4E5982C8-F661-457C-8A6A-114A4F535BFC}"
EndProject
Project("{FAE04EC0-301F-11D3-BF4B-00C04F79EFBC}") = "ComputeryTabgCLI", "ComputeryTabgCLI\ComputeryTabgCLI.csproj", "{B93A8228-7CE6-484A-8DEE-4A0D24418DDD}"
EndProject
Project("{2150E333-8FDC-42A3-9474-1A3956D46DE8}") = "ServerMods", "ServerMods", "{69CDE340-2585-486A-A1BC-340EFA780A72}"
EndProject
Project("{2150E333-8FDC-42A3-9474-1A3956D46DE8}") = "ClientMods", "ClientMods", "{53FA0A7A-2073-4885-A626-4C2A8A5F31D8}"
EndProject
Project("{2150E333-8FDC-42A3-9474-1A3956D46DE8}") = "SharedMods", "SharedMods", "{44970ADA-71BE-4A14-A333-2156251B4A6C}"
EndProject
Project("{2150E333-8FDC-42A3-9474-1A3956D46DE8}") = "LandfallPlzFix", "LandfallPlzFix", "{AF483769-8920-4954-BE0F-1C6802693641}"
EndProject
Project("{2150E333-8FDC-42A3-9474-1A3956D46DE8}") = "ComputeryLib", "ComputeryLib", "{FF8AB034-1D6D-4378-AD1F-E91428EB28B9}"
EndProject
Project("{FAE04EC0-301F-11D3-BF4B-00C04F79EFBC}") = "BinsCinematicMod", "BinsCinematicMod\BinsCinematicMod.csproj", "{57C0F5A4-1184-4898-9295-FD12E46373C0}"
EndProject
Project("{FAE04EC0-301F-11D3-BF4B-00C04F79EFBC}") = "SteamworksEnforcer", "SteamworksEnforcer\SteamworksEnforcer.csproj", "{4C6EEBEF-798D-495E-9BD6-B22B72A64F15}"
EndProject
Global
	GlobalSection(SolutionConfigurationPlatforms) = preSolution
		Debug|Any CPU = Debug|Any CPU
		Release|Any CPU = Release|Any CPU
	EndGlobalSection
	GlobalSection(ProjectConfigurationPlatforms) = postSolution
		{BBEF3875-A652-42AF-81E7-556BD7111F02}.Debug|Any CPU.ActiveCfg = Debug|Any CPU
		{BBEF3875-A652-42AF-81E7-556BD7111F02}.Debug|Any CPU.Build.0 = Debug|Any CPU
		{BBEF3875-A652-42AF-81E7-556BD7111F02}.Release|Any CPU.ActiveCfg = Release|Any CPU
		{BBEF3875-A652-42AF-81E7-556BD7111F02}.Release|Any CPU.Build.0 = Release|Any CPU
		{F012ACE9-8CBC-49EC-ADFF-FEC1A351E7DA}.Debug|Any CPU.ActiveCfg = Debug|Any CPU
		{F012ACE9-8CBC-49EC-ADFF-FEC1A351E7DA}.Debug|Any CPU.Build.0 = Debug|Any CPU
		{F012ACE9-8CBC-49EC-ADFF-FEC1A351E7DA}.Release|Any CPU.ActiveCfg = Release|Any CPU
		{F012ACE9-8CBC-49EC-ADFF-FEC1A351E7DA}.Release|Any CPU.Build.0 = Release|Any CPU
		{3BEBFE2C-E570-47CE-BC42-86EDD3AF40FA}.Debug|Any CPU.ActiveCfg = Debug|Any CPU
		{3BEBFE2C-E570-47CE-BC42-86EDD3AF40FA}.Debug|Any CPU.Build.0 = Debug|Any CPU
		{3BEBFE2C-E570-47CE-BC42-86EDD3AF40FA}.Release|Any CPU.ActiveCfg = Release|Any CPU
		{3BEBFE2C-E570-47CE-BC42-86EDD3AF40FA}.Release|Any CPU.Build.0 = Release|Any CPU
		{4E5982C8-F661-457C-8A6A-114A4F535BFC}.Debug|Any CPU.ActiveCfg = Debug|Any CPU
		{4E5982C8-F661-457C-8A6A-114A4F535BFC}.Debug|Any CPU.Build.0 = Debug|Any CPU
		{4E5982C8-F661-457C-8A6A-114A4F535BFC}.Release|Any CPU.ActiveCfg = Release|Any CPU
		{4E5982C8-F661-457C-8A6A-114A4F535BFC}.Release|Any CPU.Build.0 = Release|Any CPU
		{B93A8228-7CE6-484A-8DEE-4A0D24418DDD}.Debug|Any CPU.ActiveCfg = Debug|Any CPU
		{B93A8228-7CE6-484A-8DEE-4A0D24418DDD}.Debug|Any CPU.Build.0 = Debug|Any CPU
		{B93A8228-7CE6-484A-8DEE-4A0D24418DDD}.Release|Any CPU.ActiveCfg = Release|Any CPU
		{B93A8228-7CE6-484A-8DEE-4A0D24418DDD}.Release|Any CPU.Build.0 = Release|Any CPU
		{57C0F5A4-1184-4898-9295-FD12E46373C0}.Debug|Any CPU.ActiveCfg = Debug|Any CPU
		{57C0F5A4-1184-4898-9295-FD12E46373C0}.Debug|Any CPU.Build.0 = Debug|Any CPU
		{57C0F5A4-1184-4898-9295-FD12E46373C0}.Release|Any CPU.ActiveCfg = Release|Any CPU
		{57C0F5A4-1184-4898-9295-FD12E46373C0}.Release|Any CPU.Build.0 = Release|Any CPU
		{4C6EEBEF-798D-495E-9BD6-B22B72A64F15}.Debug|Any CPU.ActiveCfg = Debug|Any CPU
		{4C6EEBEF-798D-495E-9BD6-B22B72A64F15}.Debug|Any CPU.Build.0 = Debug|Any CPU
		{4C6EEBEF-798D-495E-9BD6-B22B72A64F15}.Release|Any CPU.ActiveCfg = Release|Any CPU
		{4C6EEBEF-798D-495E-9BD6-B22B72A64F15}.Release|Any CPU.Build.0 = Release|Any CPU
	EndGlobalSection
	GlobalSection(NestedProjects) = preSolution
		{3BEBFE2C-E570-47CE-BC42-86EDD3AF40FA} = {53FA0A7A-2073-4885-A626-4C2A8A5F31D8}
		{AF483769-8920-4954-BE0F-1C6802693641} = {44970ADA-71BE-4A14-A333-2156251B4A6C}
		{BBEF3875-A652-42AF-81E7-556BD7111F02} = {AF483769-8920-4954-BE0F-1C6802693641}
		{F012ACE9-8CBC-49EC-ADFF-FEC1A351E7DA} = {AF483769-8920-4954-BE0F-1C6802693641}
		{FF8AB034-1D6D-4378-AD1F-E91428EB28B9} = {69CDE340-2585-486A-A1BC-340EFA780A72}
		{4E5982C8-F661-457C-8A6A-114A4F535BFC} = {FF8AB034-1D6D-4378-AD1F-E91428EB28B9}
		{B93A8228-7CE6-484A-8DEE-4A0D24418DDD} = {FF8AB034-1D6D-4378-AD1F-E91428EB28B9}
		{57C0F5A4-1184-4898-9295-FD12E46373C0} = {53FA0A7A-2073-4885-A626-4C2A8A5F31D8}
		{4C6EEBEF-798D-495E-9BD6-B22B72A64F15} = {53FA0A7A-2073-4885-A626-4C2A8A5F31D8}
	EndGlobalSection
EndGlobal
