
Microsoft Visual Studio Solution File, Format Version 12.00
Project("{FAE04EC0-301F-11D3-BF4B-00C04F79EFBC}") = "LandfallPlzFixClient", "LandfallPlzFixClient\LandfallPlzFixClient.csproj", "{BBEF3875-A652-42AF-81E7-556BD7111F02}"
EndProject
Project("{FAE04EC0-301F-11D3-BF4B-00C04F79EFBC}") = "LandfallPlzFixServer", "LandfallPlzFixServer\LandfallPlzFixServer.csproj", "{F012ACE9-8CBC-49EC-ADFF-FEC1A351E7DA}"
EndProject
Project("{FAE04EC0-301F-11D3-BF4B-00C04F79EFBC}") = "TokenAuthFixer", "TokenAuthFixer\TokenAuthFixer.csproj", "{3BEBFE2C-E570-47CE-BC42-86EDD3AF40FA}"
EndProject
Global
	GlobalSection(SolutionConfigurationPlatforms) = preSolution
		Debug|Any CPU = Debug|Any CPU
		Release|Any CPU = Release|Any CPU
	EndGlobalSection
	GlobalSection(ProjectConfigurationPlatforms) = postSolution
		{BBEF3875-A652-42AF-81E7-556BD7111F02}.Debug|Any CPU.ActiveCfg = Debug|Any CPU
		{BBEF3875-A652-42AF-81E7-556BD7111F02}.Debug|Any CPU.Build.0 = Debug|Any CPU
		{BBEF3875-A652-42AF-81E7-556BD7111F02}.Release|Any CPU.ActiveCfg = Release|Any CPU
		{BBEF3875-A652-42AF-81E7-556BD7111F02}.Release|Any CPU.Build.0 = Release|Any CPU
		{F012ACE9-8CBC-49EC-ADFF-FEC1A351E7DA}.Debug|Any CPU.ActiveCfg = Debug|Any CPU
		{F012ACE9-8CBC-49EC-ADFF-FEC1A351E7DA}.Debug|Any CPU.Build.0 = Debug|Any CPU
		{F012ACE9-8CBC-49EC-ADFF-FEC1A351E7DA}.Release|Any CPU.ActiveCfg = Release|Any CPU
		{F012ACE9-8CBC-49EC-ADFF-FEC1A351E7DA}.Release|Any CPU.Build.0 = Release|Any CPU
		{3BEBFE2C-E570-47CE-BC42-86EDD3AF40FA}.Debug|Any CPU.ActiveCfg = Debug|Any CPU
		{3BEBFE2C-E570-47CE-BC42-86EDD3AF40FA}.Debug|Any CPU.Build.0 = Debug|Any CPU
		{3BEBFE2C-E570-47CE-BC42-86EDD3AF40FA}.Release|Any CPU.ActiveCfg = Release|Any CPU
		{3BEBFE2C-E570-47CE-BC42-86EDD3AF40FA}.Release|Any CPU.Build.0 = Release|Any CPU
	EndGlobalSection
EndGlobal
